// !$*UTF8*$!
{
	archiveVersion = 1;
	classes = {
	};
	objectVersion = 56;
	objects = {

/* Begin PBXBuildFile section */
		9A280F73C3193357F4A67A12 /* Pods_fullNetworkLayer_Alamofire.framework in Frameworks */ = {isa = PBXBuildFile; fileRef = 3456832A6C533CBDD6B9C83D /* Pods_fullNetworkLayer_Alamofire.framework */; };
		C946C0222A5AA9FB0056B506 /* AppDelegate.swift in Sources */ = {isa = PBXBuildFile; fileRef = C946C0212A5AA9FB0056B506 /* AppDelegate.swift */; };
		C946C0242A5AA9FB0056B506 /* SceneDelegate.swift in Sources */ = {isa = PBXBuildFile; fileRef = C946C0232A5AA9FB0056B506 /* SceneDelegate.swift */; };
		C946C0262A5AA9FB0056B506 /* ViewController.swift in Sources */ = {isa = PBXBuildFile; fileRef = C946C0252A5AA9FB0056B506 /* ViewController.swift */; };
		C946C0292A5AA9FB0056B506 /* Main.storyboard in Resources */ = {isa = PBXBuildFile; fileRef = C946C0272A5AA9FB0056B506 /* Main.storyboard */; };
		C946C02B2A5AA9FC0056B506 /* Assets.xcassets in Resources */ = {isa = PBXBuildFile; fileRef = C946C02A2A5AA9FC0056B506 /* Assets.xcassets */; };
		C946C02E2A5AA9FC0056B506 /* LaunchScreen.storyboard in Resources */ = {isa = PBXBuildFile; fileRef = C946C02C2A5AA9FC0056B506 /* LaunchScreen.storyboard */; };
/* End PBXBuildFile section */

/* Begin PBXFileReference section */
		13218991600D7BD21E40F33D /* Pods-fullNetworkLayer_Alamofire.debug.xcconfig */ = {isa = PBXFileReference; includeInIndex = 1; lastKnownFileType = text.xcconfig; name = "Pods-fullNetworkLayer_Alamofire.debug.xcconfig"; path = "Target Support Files/Pods-fullNetworkLayer_Alamofire/Pods-fullNetworkLayer_Alamofire.debug.xcconfig"; sourceTree = "<group>"; };
		3456832A6C533CBDD6B9C83D /* Pods_fullNetworkLayer_Alamofire.framework */ = {isa = PBXFileReference; explicitFileType = wrapper.framework; includeInIndex = 0; path = Pods_fullNetworkLayer_Alamofire.framework; sourceTree = BUILT_PRODUCTS_DIR; };
		58CBA3965D2E57F5B65D3F6E /* Pods-fullNetworkLayer_Alamofire.release.xcconfig */ = {isa = PBXFileReference; includeInIndex = 1; lastKnownFileType = text.xcconfig; name = "Pods-fullNetworkLayer_Alamofire.release.xcconfig"; path = "Target Support Files/Pods-fullNetworkLayer_Alamofire/Pods-fullNetworkLayer_Alamofire.release.xcconfig"; sourceTree = "<group>"; };
		C946C01E2A5AA9FB0056B506 /* fullNetworkLayer_Alamofire.app */ = {isa = PBXFileReference; explicitFileType = wrapper.application; includeInIndex = 0; path = fullNetworkLayer_Alamofire.app; sourceTree = BUILT_PRODUCTS_DIR; };
		C946C0212A5AA9FB0056B506 /* AppDelegate.swift */ = {isa = PBXFileReference; lastKnownFileType = sourcecode.swift; path = AppDelegate.swift; sourceTree = "<group>"; };
		C946C0232A5AA9FB0056B506 /* SceneDelegate.swift */ = {isa = PBXFileReference; lastKnownFileType = sourcecode.swift; path = SceneDelegate.swift; sourceTree = "<group>"; };
		C946C0252A5AA9FB0056B506 /* ViewController.swift */ = {isa = PBXFileReference; lastKnownFileType = sourcecode.swift; path = ViewController.swift; sourceTree = "<group>"; };
		C946C0282A5AA9FB0056B506 /* Base */ = {isa = PBXFileReference; lastKnownFileType = file.storyboard; name = Base; path = Base.lproj/Main.storyboard; sourceTree = "<group>"; };
		C946C02A2A5AA9FC0056B506 /* Assets.xcassets */ = {isa = PBXFileReference; lastKnownFileType = folder.assetcatalog; path = Assets.xcassets; sourceTree = "<group>"; };
		C946C02D2A5AA9FC0056B506 /* Base */ = {isa = PBXFileReference; lastKnownFileType = file.storyboard; name = Base; path = Base.lproj/LaunchScreen.storyboard; sourceTree = "<group>"; };
		C946C02F2A5AA9FC0056B506 /* Info.plist */ = {isa = PBXFileReference; lastKnownFileType = text.plist.xml; path = Info.plist; sourceTree = "<group>"; };
/* End PBXFileReference section */

/* Begin PBXFrameworksBuildPhase section */
		C946C01B2A5AA9FB0056B506 /* Frameworks */ = {
			isa = PBXFrameworksBuildPhase;
			buildActionMask = 2147483647;
			files = (
				9A280F73C3193357F4A67A12 /* Pods_fullNetworkLayer_Alamofire.framework in Frameworks */,
			);
			runOnlyForDeploymentPostprocessing = 0;
		};
/* End PBXFrameworksBuildPhase section */

/* Begin PBXGroup section */
		684FCA6C6F03F909247ACDEF /* Frameworks */ = {
			isa = PBXGroup;
			children = (
				3456832A6C533CBDD6B9C83D /* Pods_fullNetworkLayer_Alamofire.framework */,
			);
			name = Frameworks;
			sourceTree = "<group>";
		};
		8E262B9236AD51A902B61838 /* Pods */ = {
			isa = PBXGroup;
			children = (
				13218991600D7BD21E40F33D /* Pods-fullNetworkLayer_Alamofire.debug.xcconfig */,
				58CBA3965D2E57F5B65D3F6E /* Pods-fullNetworkLayer_Alamofire.release.xcconfig */,
			);
			name = Pods;
			path = Pods;
			sourceTree = "<group>";
		};
		C946C0152A5AA9FB0056B506 = {
			isa = PBXGroup;
			children = (
				C946C0202A5AA9FB0056B506 /* fullNetworkLayer_Alamofire */,
				C946C01F2A5AA9FB0056B506 /* Products */,
				8E262B9236AD51A902B61838 /* Pods */,
				684FCA6C6F03F909247ACDEF /* Frameworks */,
			);
			sourceTree = "<group>";
		};
		C946C01F2A5AA9FB0056B506 /* Products */ = {
			isa = PBXGroup;
			children = (
				C946C01E2A5AA9FB0056B506 /* fullNetworkLayer_Alamofire.app */,
			);
			name = Products;
			sourceTree = "<group>";
		};
		C946C0202A5AA9FB0056B506 /* fullNetworkLayer_Alamofire */ = {
			isa = PBXGroup;
			children = (
				C946C0212A5AA9FB0056B506 /* AppDelegate.swift */,
				C946C0232A5AA9FB0056B506 /* SceneDelegate.swift */,
				C946C0252A5AA9FB0056B506 /* ViewController.swift */,
				C946C0272A5AA9FB0056B506 /* Main.storyboard */,
				C946C02A2A5AA9FC0056B506 /* Assets.xcassets */,
				C946C02C2A5AA9FC0056B506 /* LaunchScreen.storyboard */,
				C946C02F2A5AA9FC0056B506 /* Info.plist */,
			);
			path = fullNetworkLayer_Alamofire;
			sourceTree = "<group>";
		};
/* End PBXGroup section */

/* Begin PBXNativeTarget section */
		C946C01D2A5AA9FB0056B506 /* fullNetworkLayer_Alamofire */ = {
			isa = PBXNativeTarget;
			buildConfigurationList = C946C0322A5AA9FC0056B506 /* Build configuration list for PBXNativeTarget "fullNetworkLayer_Alamofire" */;
			buildPhases = (
				121788C092EB12FEA5038620 /* [CP] Check Pods Manifest.lock */,
				C946C01A2A5AA9FB0056B506 /* Sources */,
				C946C01B2A5AA9FB0056B506 /* Frameworks */,
				C946C01C2A5AA9FB0056B506 /* Resources */,
				7520466E6F14E316C234B38F /* [CP] Embed Pods Frameworks */,
			);
			buildRules = (
			);
			dependencies = (
			);
			name = fullNetworkLayer_Alamofire;
			productName = fullNetworkLayer_Alamofire;
			productReference = C946C01E2A5AA9FB0056B506 /* fullNetworkLayer_Alamofire.app */;
			productType = "com.apple.product-type.application";
		};
/* End PBXNativeTarget section */

/* Begin PBXProject section */
		C946C0162A5AA9FB0056B506 /* Project object */ = {
			isa = PBXProject;
			attributes = {
				BuildIndependentTargetsInParallel = 1;
				LastSwiftUpdateCheck = 1420;
				LastUpgradeCheck = 1420;
				TargetAttributes = {
					C946C01D2A5AA9FB0056B506 = {
						CreatedOnToolsVersion = 14.2;
					};
				};
			};
			buildConfigurationList = C946C0192A5AA9FB0056B506 /* Build configuration list for PBXProject "fullNetworkLayer_Alamofire" */;
			compatibilityVersion = "Xcode 14.0";
			developmentRegion = en;
			hasScannedForEncodings = 0;
			knownRegions = (
				en,
				Base,
			);
			mainGroup = C946C0152A5AA9FB0056B506;
			productRefGroup = C946C01F2A5AA9FB0056B506 /* Products */;
			projectDirPath = "";
			projectRoot = "";
			targets = (
				C946C01D2A5AA9FB0056B506 /* fullNetworkLayer_Alamofire */,
			);
		};
/* End PBXProject section */

/* Begin PBXResourcesBuildPhase section */
		C946C01C2A5AA9FB0056B506 /* Resources */ = {
			isa = PBXResourcesBuildPhase;
			buildActionMask = 2147483647;
			files = (
				C946C02E2A5AA9FC0056B506 /* LaunchScreen.storyboard in Resources */,
				C946C02B2A5AA9FC0056B506 /* Assets.xcassets in Resources */,
				C946C0292A5AA9FB0056B506 /* Main.storyboard in Resources */,
			);
			runOnlyForDeploymentPostprocessing = 0;
		};
/* End PBXResourcesBuildPhase section */

/* Begin PBXShellScriptBuildPhase section */
		121788C092EB12FEA5038620 /* [CP] Check Pods Manifest.lock */ = {
			isa = PBXShellScriptBuildPhase;
			buildActionMask = 2147483647;
			files = (
			);
			inputFileListPaths = (
			);
			inputPaths = (
				"${PODS_PODFILE_DIR_PATH}/Podfile.lock",
				"${PODS_ROOT}/Manifest.lock",
			);
			name = "[CP] Check Pods Manifest.lock";
			outputFileListPaths = (
			);
			outputPaths = (
				"$(DERIVED_FILE_DIR)/Pods-fullNetworkLayer_Alamofire-checkManifestLockResult.txt",
			);
			runOnlyForDeploymentPostprocessing = 0;
			shellPath = /bin/sh;
			shellScript = "diff \"${PODS_PODFILE_DIR_PATH}/Podfile.lock\" \"${PODS_ROOT}/Manifest.lock\" > /dev/null\nif [ $? != 0 ] ; then\n    # print error to STDERR\n    echo \"error: The sandbox is not in sync with the Podfile.lock. Run 'pod install' or update your CocoaPods installation.\" >&2\n    exit 1\nfi\n# This output is used by Xcode 'outputs' to avoid re-running this script phase.\necho \"SUCCESS\" > \"${SCRIPT_OUTPUT_FILE_0}\"\n";
			showEnvVarsInLog = 0;
		};
		7520466E6F14E316C234B38F /* [CP] Embed Pods Frameworks */ = {
			isa = PBXShellScriptBuildPhase;
			buildActionMask = 2147483647;
			files = (
			);
			inputFileListPaths = (
				"${PODS_ROOT}/Target Support Files/Pods-fullNetworkLayer_Alamofire/Pods-fullNetworkLayer_Alamofire-frameworks-${CONFIGURATION}-input-files.xcfilelist",
			);
			name = "[CP] Embed Pods Frameworks";
			outputFileListPaths = (
				"${PODS_ROOT}/Target Support Files/Pods-fullNetworkLayer_Alamofire/Pods-fullNetworkLayer_Alamofire-frameworks-${CONFIGURATION}-output-files.xcfilelist",
			);
			runOnlyForDeploymentPostprocessing = 0;
			shellPath = /bin/sh;
			shellScript = "\"${PODS_ROOT}/Target Support Files/Pods-fullNetworkLayer_Alamofire/Pods-fullNetworkLayer_Alamofire-frameworks.sh\"\n";
			showEnvVarsInLog = 0;
		};
/* End PBXShellScriptBuildPhase section */

/* Begin PBXSourcesBuildPhase section */
		C946C01A2A5AA9FB0056B506 /* Sources */ = {
			isa = PBXSourcesBuildPhase;
			buildActionMask = 2147483647;
			files = (
				C946C0262A5AA9FB0056B506 /* ViewController.swift in Sources */,
				C946C0222A5AA9FB0056B506 /* AppDelegate.swift in Sources */,
				C946C0242A5AA9FB0056B506 /* SceneDelegate.swift in Sources */,
			);
			runOnlyForDeploymentPostprocessing = 0;
		};
/* End PBXSourcesBuildPhase section */

/* Begin PBXVariantGroup section */
		C946C0272A5AA9FB0056B506 /* Main.storyboard */ = {
			isa = PBXVariantGroup;
			children = (
				C946C0282A5AA9FB0056B506 /* Base */,
			);
			name = Main.storyboard;
			sourceTree = "<group>";
		};
		C946C02C2A5AA9FC0056B506 /* LaunchScreen.storyboard */ = {
			isa = PBXVariantGroup;
			children = (
				C946C02D2A5AA9FC0056B506 /* Base */,
			);
			name = LaunchScreen.storyboard;
			sourceTree = "<group>";
		};
/* End PBXVariantGroup section */

/* Begin XCBuildConfiguration section */
		C946C0302A5AA9FC0056B506 /* Debug */ = {
			isa = XCBuildConfiguration;
			buildSettings = {
				ALWAYS_SEARCH_USER_PATHS = NO;
				CLANG_ANALYZER_NONNULL = YES;
				CLANG_ANALYZER_NUMBER_OBJECT_CONVERSION = YES_AGGRESSIVE;
				CLANG_CXX_LANGUAGE_STANDARD = "gnu++20";
				CLANG_ENABLE_MODULES = YES;
				CLANG_ENABLE_OBJC_ARC = YES;
				CLANG_ENABLE_OBJC_WEAK = YES;
				CLANG_WARN_BLOCK_CAPTURE_AUTORELEASING = YES;
				CLANG_WARN_BOOL_CONVERSION = YES;
				CLANG_WARN_COMMA = YES;
				CLANG_WARN_CONSTANT_CONVERSION = YES;
				CLANG_WARN_DEPRECATED_OBJC_IMPLEMENTATIONS = YES;
				CLANG_WARN_DIRECT_OBJC_ISA_USAGE = YES_ERROR;
				CLANG_WARN_DOCUMENTATION_COMMENTS = YES;
				CLANG_WARN_EMPTY_BODY = YES;
				CLANG_WARN_ENUM_CONVERSION = YES;
				CLANG_WARN_INFINITE_RECURSION = YES;
				CLANG_WARN_INT_CONVERSION = YES;
				CLANG_WARN_NON_LITERAL_NULL_CONVERSION = YES;
				CLANG_WARN_OBJC_IMPLICIT_RETAIN_SELF = YES;
				CLANG_WARN_OBJC_LITERAL_CONVERSION = YES;
				CLANG_WARN_OBJC_ROOT_CLASS = YES_ERROR;
				CLANG_WARN_QUOTED_INCLUDE_IN_FRAMEWORK_HEADER = YES;
				CLANG_WARN_RANGE_LOOP_ANALYSIS = YES;
				CLANG_WARN_STRICT_PROTOTYPES = YES;
				CLANG_WARN_SUSPICIOUS_MOVE = YES;
				CLANG_WARN_UNGUARDED_AVAILABILITY = YES_AGGRESSIVE;
				CLANG_WARN_UNREACHABLE_CODE = YES;
				CLANG_WARN__DUPLICATE_METHOD_MATCH = YES;
				COPY_PHASE_STRIP = NO;
				DEBUG_INFORMATION_FORMAT = dwarf;
				ENABLE_STRICT_OBJC_MSGSEND = YES;
				ENABLE_TESTABILITY = YES;
				GCC_C_LANGUAGE_STANDARD = gnu11;
				GCC_DYNAMIC_NO_PIC = NO;
				GCC_NO_COMMON_BLOCKS = YES;
				GCC_OPTIMIZATION_LEVEL = 0;
				GCC_PREPROCESSOR_DEFINITIONS = (
					"DEBUG=1",
					"$(inherited)",
				);
				GCC_WARN_64_TO_32_BIT_CONVERSION = YES;
				GCC_WARN_ABOUT_RETURN_TYPE = YES_ERROR;
				GCC_WARN_UNDECLARED_SELECTOR = YES;
				GCC_WARN_UNINITIALIZED_AUTOS = YES_AGGRESSIVE;
				GCC_WARN_UNUSED_FUNCTION = YES;
				GCC_WARN_UNUSED_VARIABLE = YES;
				IPHONEOS_DEPLOYMENT_TARGET = 16.2;
				MTL_ENABLE_DEBUG_INFO = INCLUDE_SOURCE;
				MTL_FAST_MATH = YES;
				ONLY_ACTIVE_ARCH = YES;
				SDKROOT = iphoneos;
				SWIFT_ACTIVE_COMPILATION_CONDITIONS = DEBUG;
				SWIFT_OPTIMIZATION_LEVEL = "-Onone";
			};
			name = Debug;
		};
		C946C0312A5AA9FC0056B506 /* Release */ = {
			isa = XCBuildConfiguration;
			buildSettings = {
				ALWAYS_SEARCH_USER_PATHS = NO;
				CLANG_ANALYZER_NONNULL = YES;
				CLANG_ANALYZER_NUMBER_OBJECT_CONVERSION = YES_AGGRESSIVE;
				CLANG_CXX_LANGUAGE_STANDARD = "gnu++20";
				CLANG_ENABLE_MODULES = YES;
				CLANG_ENABLE_OBJC_ARC = YES;
				CLANG_ENABLE_OBJC_WEAK = YES;
				CLANG_WARN_BLOCK_CAPTURE_AUTORELEASING = YES;
				CLANG_WARN_BOOL_CONVERSION = YES;
				CLANG_WARN_COMMA = YES;
				CLANG_WARN_CONSTANT_CONVERSION = YES;
				CLANG_WARN_DEPRECATED_OBJC_IMPLEMENTATIONS = YES;
				CLANG_WARN_DIRECT_OBJC_ISA_USAGE = YES_ERROR;
				CLANG_WARN_DOCUMENTATION_COMMENTS = YES;
				CLANG_WARN_EMPTY_BODY = YES;
				CLANG_WARN_ENUM_CONVERSION = YES;
				CLANG_WARN_INFINITE_RECURSION = YES;
				CLANG_WARN_INT_CONVERSION = YES;
				CLANG_WARN_NON_LITERAL_NULL_CONVERSION = YES;
				CLANG_WARN_OBJC_IMPLICIT_RETAIN_SELF = YES;
				CLANG_WARN_OBJC_LITERAL_CONVERSION = YES;
				CLANG_WARN_OBJC_ROOT_CLASS = YES_ERROR;
				CLANG_WARN_QUOTED_INCLUDE_IN_FRAMEWORK_HEADER = YES;
				CLANG_WARN_RANGE_LOOP_ANALYSIS = YES;
				CLANG_WARN_STRICT_PROTOTYPES = YES;
				CLANG_WARN_SUSPICIOUS_MOVE = YES;
				CLANG_WARN_UNGUARDED_AVAILABILITY = YES_AGGRESSIVE;
				CLANG_WARN_UNREACHABLE_CODE = YES;
				CLANG_WARN__DUPLICATE_METHOD_MATCH = YES;
				COPY_PHASE_STRIP = NO;
				DEBUG_INFORMATION_FORMAT = "dwarf-with-dsym";
				ENABLE_NS_ASSERTIONS = NO;
				ENABLE_STRICT_OBJC_MSGSEND = YES;
				GCC_C_LANGUAGE_STANDARD = gnu11;
				GCC_NO_COMMON_BLOCKS = YES;
				GCC_WARN_64_TO_32_BIT_CONVERSION = YES;
				GCC_WARN_ABOUT_RETURN_TYPE = YES_ERROR;
				GCC_WARN_UNDECLARED_SELECTOR = YES;
				GCC_WARN_UNINITIALIZED_AUTOS = YES_AGGRESSIVE;
				GCC_WARN_UNUSED_FUNCTION = YES;
				GCC_WARN_UNUSED_VARIABLE = YES;
				IPHONEOS_DEPLOYMENT_TARGET = 16.2;
				MTL_ENABLE_DEBUG_INFO = NO;
				MTL_FAST_MATH = YES;
				SDKROOT = iphoneos;
				SWIFT_COMPILATION_MODE = wholemodule;
				SWIFT_OPTIMIZATION_LEVEL = "-O";
				VALIDATE_PRODUCT = YES;
			};
			name = Release;
		};
		C946C0332A5AA9FC0056B506 /* Debug */ = {
			isa = XCBuildConfiguration;
			baseConfigurationReference = 13218991600D7BD21E40F33D /* Pods-fullNetworkLayer_Alamofire.debug.xcconfig */;
			buildSettings = {
				ASSETCATALOG_COMPILER_APPICON_NAME = AppIcon;
				ASSETCATALOG_COMPILER_GLOBAL_ACCENT_COLOR_NAME = AccentColor;
				CODE_SIGN_STYLE = Automatic;
				CURRENT_PROJECT_VERSION = 1;
				GENERATE_INFOPLIST_FILE = YES;
				INFOPLIST_FILE = fullNetworkLayer_Alamofire/Info.plist;
				INFOPLIST_KEY_UIApplicationSupportsIndirectInputEvents = YES;
				INFOPLIST_KEY_UILaunchStoryboardName = LaunchScreen;
				INFOPLIST_KEY_UIMainStoryboardFile = Main;
				INFOPLIST_KEY_UISupportedInterfaceOrientations_iPad = "UIInterfaceOrientationPortrait UIInterfaceOrientationPortraitUpsideDown UIInterfaceOrientationLandscapeLeft UIInterfaceOrientationLandscapeRight";
				INFOPLIST_KEY_UISupportedInterfaceOrientations_iPhone = "UIInterfaceOrientationPortrait UIInterfaceOrientationLandscapeLeft UIInterfaceOrientationLandscapeRight";
				LD_RUNPATH_SEARCH_PATHS = (
					"$(inherited)",
					"@executable_path/Frameworks",
				);
				MARKETING_VERSION = 1.0;
				PRODUCT_BUNDLE_IDENTIFIER = "sultan.fullNetworkLayer-Alamofire";
				PRODUCT_NAME = "$(TARGET_NAME)";
				SWIFT_EMIT_LOC_STRINGS = YES;
				SWIFT_VERSION = 5.0;
				TARGETED_DEVICE_FAMILY = "1,2";
			};
			name = Debug;
		};
		C946C0342A5AA9FC0056B506 /* Release */ = {
			isa = XCBuildConfiguration;
			baseConfigurationReference = 58CBA3965D2E57F5B65D3F6E /* Pods-fullNetworkLayer_Alamofire.release.xcconfig */;
			buildSettings = {
				ASSETCATALOG_COMPILER_APPICON_NAME = AppIcon;
				ASSETCATALOG_COMPILER_GLOBAL_ACCENT_COLOR_NAME = AccentColor;
				CODE_SIGN_STYLE = Automatic;
				CURRENT_PROJECT_VERSION = 1;
				GENERATE_INFOPLIST_FILE = YES;
				INFOPLIST_FILE = fullNetworkLayer_Alamofire/Info.plist;
				INFOPLIST_KEY_UIApplicationSupportsIndirectInputEvents = YES;
				INFOPLIST_KEY_UILaunchStoryboardName = LaunchScreen;
				INFOPLIST_KEY_UIMainStoryboardFile = Main;
				INFOPLIST_KEY_UISupportedInterfaceOrientations_iPad = "UIInterfaceOrientationPortrait UIInterfaceOrientationPortraitUpsideDown UIInterfaceOrientationLandscapeLeft UIInterfaceOrientationLandscapeRight";
				INFOPLIST_KEY_UISupportedInterfaceOrientations_iPhone = "UIInterfaceOrientationPortrait UIInterfaceOrientationLandscapeLeft UIInterfaceOrientationLandscapeRight";
				LD_RUNPATH_SEARCH_PATHS = (
					"$(inherited)",
					"@executable_path/Frameworks",
				);
				MARKETING_VERSION = 1.0;
				PRODUCT_BUNDLE_IDENTIFIER = "sultan.fullNetworkLayer-Alamofire";
				PRODUCT_NAME = "$(TARGET_NAME)";
				SWIFT_EMIT_LOC_STRINGS = YES;
				SWIFT_VERSION = 5.0;
				TARGETED_DEVICE_FAMILY = "1,2";
			};
			name = Release;
		};
/* End XCBuildConfiguration section */

/* Begin XCConfigurationList section */
		C946C0192A5AA9FB0056B506 /* Build configuration list for PBXProject "fullNetworkLayer_Alamofire" */ = {
			isa = XCConfigurationList;
			buildConfigurations = (
				C946C0302A5AA9FC0056B506 /* Debug */,
				C946C0312A5AA9FC0056B506 /* Release */,
			);
			defaultConfigurationIsVisible = 0;
			defaultConfigurationName = Release;
		};
		C946C0322A5AA9FC0056B506 /* Build configuration list for PBXNativeTarget "fullNetworkLayer_Alamofire" */ = {
			isa = XCConfigurationList;
			buildConfigurations = (
				C946C0332A5AA9FC0056B506 /* Debug */,
				C946C0342A5AA9FC0056B506 /* Release */,
			);
			defaultConfigurationIsVisible = 0;
			defaultConfigurationName = Release;
		};
/* End XCConfigurationList section */
	};
	rootObject = C946C0162A5AA9FB0056B506 /* Project object */;
}
